
Microsoft Visual Studio Solution File, Format Version 12.00
# Visual Studio Version 17
VisualStudioVersion = 17.0.31919.166
MinimumVisualStudioVersion = 10.0.40219.1
Project("{9A19103F-16F7-4668-BE54-9A1E7A4F7556}") = "${{ values.name }}", "src\${{ values.name }}\${{ values.name }}.csproj", "{14E36917-DCF0-4843-96A8-59336C76FE18}"
EndProject
Global
	GlobalSection(SolutionConfigurationPlatforms) = preSolution
		Debug|Any CPU = Debug|Any CPU
		Release|Any CPU = Release|Any CPU
	EndGlobalSection
	GlobalSection(ProjectConfigurationPlatforms) = postSolution
		{14E36917-DCF0-4843-96A8-59336C76FE18}.Debug|Any CPU.ActiveCfg = Debug|Any CPU
		{14E36917-DCF0-4843-96A8-59336C76FE18}.Debug|Any CPU.Build.0 = Debug|Any CPU
		{14E36917-DCF0-4843-96A8-59336C76FE18}.Release|Any CPU.ActiveCfg = Release|Any CPU
		{14E36917-DCF0-4843-96A8-59336C76FE18}.Release|Any CPU.Build.0 = Release|Any CPU
	EndGlobalSection
	GlobalSection(SolutionProperties) = preSolution
		HideSolutionNode = FALSE
	EndGlobalSection
	GlobalSection(ExtensibilityGlobals) = postSolution
		SolutionGuid = {9A8AC4D7-BB2B-4D2F-BF3B-629B8489FBC0}
	EndGlobalSection
EndGlobal
