
Microsoft Visual Studio Solution File, Format Version 12.00
# Visual Studio Version 17
VisualStudioVersion = 17.0.31919.166
MinimumVisualStudioVersion = 10.0.40219.1
Project("{2150E333-8FDC-42A3-9474-1A3956D46DE8}") = "src", "src", "{1D4088E3-C263-4003-B357-9D03837FE649}"
EndProject
Project("{2150E333-8FDC-42A3-9474-1A3956D46DE8}") = "Solution Items", "Solution Items", "{2231C435-4FBC-4453-9380-7881B85D330F}"
	ProjectSection(SolutionItems) = preProject
		Directory.Build.props = Directory.Build.props
		NuGet.config = NuGet.config
		README.md = README.md
	EndProjectSection
EndProject
Project("{2150E333-8FDC-42A3-9474-1A3956D46DE8}") = "tests", "tests", "{A8EFEF79-568F-492D-9272-EAE5DFA4EB4C}"
EndProject
Project("{9A19103F-16F7-4668-BE54-9A1E7A4F7556}") = "${{ values.fileNamePrefix }}", "src\${{ values.dirNamePrefix }}\${{ values.fileNamePrefix }}.csproj", "{14E36917-DCF0-4843-96A8-59336C76FE18}"
EndProject
Project("{9A19103F-16F7-4668-BE54-9A1E7A4F7556}") = "${{ values.fileNamePrefix }}.Domain", "src\${{ values.dirNamePrefix }}.Domain\${{ values.fileNamePrefix }}.Domain.csproj", "{B49EC669-ACDB-46C6-8087-E32F2A25EDE6}"
EndProject
Project("{9A19103F-16F7-4668-BE54-9A1E7A4F7556}") = "${{ values.fileNamePrefix }}.Infrastructure", "src\${{ values.dirNamePrefix }}.Infrastructure\${{ values.fileNamePrefix }}.Infrastructure.csproj", "{B03D3912-61AE-4C48-BB1B-4C3AE4558608}"
EndProject
Project("{9A19103F-16F7-4668-BE54-9A1E7A4F7556}") = "${{ values.fileNamePrefix }}.UnitTests", "tests\${{ values.dirNamePrefix }}.UnitTests\${{ values.fileNamePrefix }}.UnitTests.csproj", "{BBDCD223-0133-45B3-9DE9-D35CE348EE0A}"
EndProject
Project("{9A19103F-16F7-4668-BE54-9A1E7A4F7556}") = "${{ values.fileNamePrefix }}.Domain.UnitTests", "tests\${{ values.dirNamePrefix }}.Domain.UnitTests\${{ values.fileNamePrefix }}.Domain.UnitTests.csproj", "{7E06DB77-221B-41A5-8717-6B5514304955}"
EndProject
Global
	GlobalSection(SolutionConfigurationPlatforms) = preSolution
		Debug|Any CPU = Debug|Any CPU
		Release|Any CPU = Release|Any CPU
	EndGlobalSection
	GlobalSection(ProjectConfigurationPlatforms) = postSolution
		{14E36917-DCF0-4843-96A8-59336C76FE18}.Debug|Any CPU.ActiveCfg = Debug|Any CPU
		{14E36917-DCF0-4843-96A8-59336C76FE18}.Debug|Any CPU.Build.0 = Debug|Any CPU
		{14E36917-DCF0-4843-96A8-59336C76FE18}.Release|Any CPU.ActiveCfg = Release|Any CPU
		{14E36917-DCF0-4843-96A8-59336C76FE18}.Release|Any CPU.Build.0 = Release|Any CPU
		{B49EC669-ACDB-46C6-8087-E32F2A25EDE6}.Debug|Any CPU.ActiveCfg = Debug|Any CPU
		{B49EC669-ACDB-46C6-8087-E32F2A25EDE6}.Debug|Any CPU.Build.0 = Debug|Any CPU
		{B49EC669-ACDB-46C6-8087-E32F2A25EDE6}.Release|Any CPU.ActiveCfg = Release|Any CPU
		{B49EC669-ACDB-46C6-8087-E32F2A25EDE6}.Release|Any CPU.Build.0 = Release|Any CPU
		{B03D3912-61AE-4C48-BB1B-4C3AE4558608}.Debug|Any CPU.ActiveCfg = Debug|Any CPU
		{B03D3912-61AE-4C48-BB1B-4C3AE4558608}.Debug|Any CPU.Build.0 = Debug|Any CPU
		{B03D3912-61AE-4C48-BB1B-4C3AE4558608}.Release|Any CPU.ActiveCfg = Release|Any CPU
		{B03D3912-61AE-4C48-BB1B-4C3AE4558608}.Release|Any CPU.Build.0 = Release|Any CPU
		{BBDCD223-0133-45B3-9DE9-D35CE348EE0A}.Debug|Any CPU.ActiveCfg = Debug|Any CPU
		{BBDCD223-0133-45B3-9DE9-D35CE348EE0A}.Debug|Any CPU.Build.0 = Debug|Any CPU
		{BBDCD223-0133-45B3-9DE9-D35CE348EE0A}.Release|Any CPU.ActiveCfg = Release|Any CPU
		{BBDCD223-0133-45B3-9DE9-D35CE348EE0A}.Release|Any CPU.Build.0 = Release|Any CPU
		{7E06DB77-221B-41A5-8717-6B5514304955}.Debug|Any CPU.ActiveCfg = Debug|Any CPU
		{7E06DB77-221B-41A5-8717-6B5514304955}.Debug|Any CPU.Build.0 = Debug|Any CPU
		{7E06DB77-221B-41A5-8717-6B5514304955}.Release|Any CPU.ActiveCfg = Release|Any CPU
		{7E06DB77-221B-41A5-8717-6B5514304955}.Release|Any CPU.Build.0 = Release|Any CPU
	EndGlobalSection
	GlobalSection(SolutionProperties) = preSolution
		HideSolutionNode = FALSE
	EndGlobalSection
	GlobalSection(NestedProjects) = preSolution
		{14E36917-DCF0-4843-96A8-59336C76FE18} = {1D4088E3-C263-4003-B357-9D03837FE649}
		{B49EC669-ACDB-46C6-8087-E32F2A25EDE6} = {1D4088E3-C263-4003-B357-9D03837FE649}
		{B03D3912-61AE-4C48-BB1B-4C3AE4558608} = {1D4088E3-C263-4003-B357-9D03837FE649}
		{BBDCD223-0133-45B3-9DE9-D35CE348EE0A} = {A8EFEF79-568F-492D-9272-EAE5DFA4EB4C}
		{7E06DB77-221B-41A5-8717-6B5514304955} = {A8EFEF79-568F-492D-9272-EAE5DFA4EB4C}
	EndGlobalSection
	GlobalSection(ExtensibilityGlobals) = postSolution
		SolutionGuid = {9A8AC4D7-BB2B-4D2F-BF3B-629B8489FBC0}
	EndGlobalSection
EndGlobal
